# THIS IS AN AUTOGENERATED FILE. DO NOT EDIT THIS FILE DIRECTLY.
# yarn lockfile v1


css-in-js-utils@2.0.0, css-in-js-utils@^2.0.0:
  version "2.0.0"
  resolved "https://registry.yarnpkg.com/css-in-js-utils/-/css-in-js-utils-2.0.0.tgz#5af1dd70f4b06b331f48d22a3d86e0786c0b9435"
  dependencies:
    hyphenate-style-name "^1.0.2"

fela-utils@^7.0.3:
  version "7.0.3"
  resolved "https://registry.yarnpkg.com/fela-utils/-/fela-utils-7.0.3.tgz#77b82d83157e016ac1c10b90e3149991fface6c2"
  dependencies:
    css-in-js-utils "2.0.0"

hyphenate-style-name@^1.0.2:
  version "1.0.2"
  resolved "https://registry.yarnpkg.com/hyphenate-style-name/-/hyphenate-style-name-1.0.2.tgz#31160a36930adaf1fc04c6074f7eb41465d4ec4b"
