# THIS IS AN AUTOGENERATED FILE. DO NOT EDIT THIS FILE DIRECTLY.
# yarn lockfile v1


bidi-css-js@1.0.1:
  version "1.0.1"
  resolved "https://registry.yarnpkg.com/bidi-css-js/-/bidi-css-js-1.0.1.tgz#dfa206f4c4fefa74d4e77387737670cc8779074c"
  dependencies:
    rtl-css-js "^1.4.2"

rtl-css-js@^1.4.2:
  version "1.7.0"
  resolved "https://registry.yarnpkg.com/rtl-css-js/-/rtl-css-js-1.7.0.tgz#0a9b0a5ddcc7181b0b41977264f39647ba705770"
