# THIS IS AN AUTOGENERATED FILE. DO NOT EDIT THIS FILE DIRECTLY.
# yarn lockfile v1


cssbeautify@^0.3.1:
  version "0.3.1"
  resolved "https://registry.yarnpkg.com/cssbeautify/-/cssbeautify-0.3.1.tgz#12dd1f734035c2e6faca67dcbdcef74e42811397"

fast-loops@^1.0.0:
  version "1.0.0"
  resolved "https://registry.yarnpkg.com/fast-loops/-/fast-loops-1.0.0.tgz#2cdd7e0ff67343b2b5f5e627d855a50b4bed559a"
