# THIS IS AN AUTOGENERATED FILE. DO NOT EDIT THIS FILE DIRECTLY.
# yarn lockfile v1


bowser@^1.7.3:
  version "1.8.1"
  resolved "https://registry.yarnpkg.com/bowser/-/bowser-1.8.1.tgz#49785777e7302febadb1a5b71d9a646520ed310d"

css-in-js-utils@2.0.0, css-in-js-utils@^2.0.0:
  version "2.0.0"
  resolved "https://registry.yarnpkg.com/css-in-js-utils/-/css-in-js-utils-2.0.0.tgz#5af1dd70f4b06b331f48d22a3d86e0786c0b9435"
  dependencies:
    hyphenate-style-name "^1.0.2"

fela-plugin-embedded@^5.2.0:
  version "5.2.0"
  resolved "https://registry.yarnpkg.com/fela-plugin-embedded/-/fela-plugin-embedded-5.2.0.tgz#403cd1a0b3e067c71094771d3032082177006944"
  dependencies:
    fela-utils "^7.0.5"

fela-plugin-extend@^5.0.11:
  version "5.0.12"
  resolved "https://registry.yarnpkg.com/fela-plugin-extend/-/fela-plugin-extend-5.0.12.tgz#f3065fd0dc25e586c4e23a67448657c35a573ec0"
  dependencies:
    css-in-js-utils "2.0.0"
    fela-utils "^7.0.4"

fela-plugin-fallback-value@^5.0.14:
  version "5.0.14"
  resolved "https://registry.yarnpkg.com/fela-plugin-fallback-value/-/fela-plugin-fallback-value-5.0.14.tgz#bfa077498344eae5c282c48fb72bc738806d9f15"
  dependencies:
    css-in-js-utils "2.0.0"
    fela-utils "^7.0.5"

fela-plugin-lvha@^5.0.13:
  version "5.0.13"
  resolved "https://registry.yarnpkg.com/fela-plugin-lvha/-/fela-plugin-lvha-5.0.13.tgz#3811c70d0a879bdfe99d07610678a8f7db0a06be"
  dependencies:
    fela-utils "^7.0.5"

fela-plugin-prefixer@^5.0.14:
  version "5.0.14"
  resolved "https://registry.yarnpkg.com/fela-plugin-prefixer/-/fela-plugin-prefixer-5.0.14.tgz#011de18cd13ee136050bb86180ea913900405eea"
  dependencies:
    css-in-js-utils "2.0.0"
    fela-plugin-fallback-value "^5.0.14"
    fela-utils "^7.0.5"
    inline-style-prefixer "3.0.8"

fela-plugin-unit@^5.0.13:
  version "5.0.13"
  resolved "https://registry.yarnpkg.com/fela-plugin-unit/-/fela-plugin-unit-5.0.13.tgz#bf0bd2721f2898097918b6cece52d90266c15c65"
  dependencies:
    css-in-js-utils "2.0.0"
    fela-utils "^7.0.5"

fela-preset-web@^7.0.2:
  version "7.0.2"
  resolved "https://registry.yarnpkg.com/fela-preset-web/-/fela-preset-web-7.0.2.tgz#06d047e28b3f4c2d02b28810e9197dee9fa856b4"
  dependencies:
    fela-plugin-embedded "^5.2.0"
    fela-plugin-extend "^5.0.11"
    fela-plugin-fallback-value "^5.0.14"
    fela-plugin-lvha "^5.0.13"
    fela-plugin-prefixer "^5.0.14"
    fela-plugin-unit "^5.0.13"

fela-tools@^5.0.13:
  version "5.0.13"
  resolved "https://registry.yarnpkg.com/fela-tools/-/fela-tools-5.0.13.tgz#4ec2854475a879ac5ccf201c30b1888a055100ab"
  dependencies:
    css-in-js-utils "2.0.0"
    fela-utils "^7.0.5"

fela-utils@^7.0.4, fela-utils@^7.0.5:
  version "7.0.5"
  resolved "https://registry.yarnpkg.com/fela-utils/-/fela-utils-7.0.5.tgz#62397db8abf8294bb160ba7575b31d68495283b2"
  dependencies:
    css-in-js-utils "2.0.0"

fela@^6.0.5:
  version "6.0.5"
  resolved "https://registry.yarnpkg.com/fela/-/fela-6.0.5.tgz#3631a39a4c1d94e5e281ec2b5ca66b71e3104fca"
  dependencies:
    css-in-js-utils "2.0.0"
    fela-utils "^7.0.5"

hyphenate-style-name@^1.0.2:
  version "1.0.2"
  resolved "https://registry.yarnpkg.com/hyphenate-style-name/-/hyphenate-style-name-1.0.2.tgz#31160a36930adaf1fc04c6074f7eb41465d4ec4b"

inline-style-prefixer@3.0.8:
  version "3.0.8"
  resolved "https://registry.yarnpkg.com/inline-style-prefixer/-/inline-style-prefixer-3.0.8.tgz#8551b8e5b4d573244e66a34b04f7d32076a2b534"
  dependencies:
    bowser "^1.7.3"
    css-in-js-utils "^2.0.0"

lodash@^4.17.4:
  version "4.17.4"
  resolved "https://registry.yarnpkg.com/lodash/-/lodash-4.17.4.tgz#78203a4d1c328ae1d86dca6460e369b57f4055ae"
