# THIS IS AN AUTOGENERATED FILE. DO NOT EDIT THIS FILE DIRECTLY.
# yarn lockfile v1


css-in-js-utils@^3.0.0:
  version "3.0.0"
  resolved "https://registry.yarnpkg.com/css-in-js-utils/-/css-in-js-utils-3.0.0.tgz#4379185f5cc79f9eba39b4e795c317f253ffaa40"
  dependencies:
    hyphenate-style-name "^1.0.2"

fast-loops@^1.0.1:
  version "1.0.1"
  resolved "https://registry.yarnpkg.com/fast-loops/-/fast-loops-1.0.1.tgz#a3d33e71654a7e6e67d7c2de0fee4ea11c6f2526"

hyphenate-style-name@^1.0.2:
  version "1.0.2"
  resolved "https://registry.yarnpkg.com/hyphenate-style-name/-/hyphenate-style-name-1.0.2.tgz#31160a36930adaf1fc04c6074f7eb41465d4ec4b"
