# THIS IS AN AUTOGENERATED FILE. DO NOT EDIT THIS FILE DIRECTLY.
# yarn lockfile v1


boolbase@~1.0.0:
  version "1.0.0"
  resolved "https://artifactory.dm-drogeriemarkt.com:443/api/npm/repo-npm/boolbase/-/boolbase-1.0.0.tgz#68dff5fbe60c51eb37725ea9e3ed310dcc1e776e"

cheerio@0.22.0:
  version "0.22.0"
  resolved "https://artifactory.dm-drogeriemarkt.com:443/api/npm/repo-npm/cheerio/-/cheerio-0.22.0.tgz#a9baa860a3f9b595a6b81b1a86873121ed3a269e"
  dependencies:
    css-select "~1.2.0"
    dom-serializer "~0.1.0"
    entities "~1.1.1"
    htmlparser2 "^3.9.1"
    lodash.assignin "^4.0.9"
    lodash.bind "^4.1.4"
    lodash.defaults "^4.0.1"
    lodash.filter "^4.4.0"
    lodash.flatten "^4.2.0"
    lodash.foreach "^4.3.0"
    lodash.map "^4.4.0"
    lodash.merge "^4.4.0"
    lodash.pick "^4.2.1"
    lodash.reduce "^4.4.0"
    lodash.reject "^4.4.0"
    lodash.some "^4.4.0"

clipboard@^2.0.0:
  version "2.0.1"
  resolved "https://artifactory.dm-drogeriemarkt.com:443/api/npm/repo-npm/clipboard/-/clipboard-2.0.1.tgz#a12481e1c13d8a50f5f036b0560fe5d16d74e46a"
  dependencies:
    good-listener "^1.2.2"
    select "^1.1.2"
    tiny-emitter "^2.0.0"

core-util-is@~1.0.0:
  version "1.0.2"
  resolved "https://artifactory.dm-drogeriemarkt.com:443/api/npm/repo-npm/core-util-is/-/core-util-is-1.0.2.tgz#b5fd54220aa2bc5ab57aab7140c940754503c1a7"

css-in-js-utils@^2.0.0:
  version "2.0.0"
  resolved "https://registry.yarnpkg.com/css-in-js-utils/-/css-in-js-utils-2.0.0.tgz#5af1dd70f4b06b331f48d22a3d86e0786c0b9435"
  dependencies:
    hyphenate-style-name "^1.0.2"

css-in-js-utils@^3.0.0:
  version "3.0.0"
  resolved "https://registry.yarnpkg.com/css-in-js-utils/-/css-in-js-utils-3.0.0.tgz#4379185f5cc79f9eba39b4e795c317f253ffaa40"
  dependencies:
    hyphenate-style-name "^1.0.2"

css-select@~1.2.0:
  version "1.2.0"
  resolved "https://artifactory.dm-drogeriemarkt.com:443/api/npm/repo-npm/css-select/-/css-select-1.2.0.tgz#2b3a110539c5355f1cd8d314623e870b121ec858"
  dependencies:
    boolbase "~1.0.0"
    css-what "2.1"
    domutils "1.5.1"
    nth-check "~1.0.1"

css-what@2.1:
  version "2.1.0"
  resolved "https://artifactory.dm-drogeriemarkt.com:443/api/npm/repo-npm/css-what/-/css-what-2.1.0.tgz#9467d032c38cfaefb9f2d79501253062f87fa1bd"

delegate@^3.1.2:
  version "3.2.0"
  resolved "https://artifactory.dm-drogeriemarkt.com:443/api/npm/repo-npm/delegate/-/delegate-3.2.0.tgz#b66b71c3158522e8ab5744f720d8ca0c2af59166"

dom-serializer@0, dom-serializer@~0.1.0:
  version "0.1.0"
  resolved "https://artifactory.dm-drogeriemarkt.com:443/api/npm/repo-npm/dom-serializer/-/dom-serializer-0.1.0.tgz#073c697546ce0780ce23be4a28e293e40bc30c82"
  dependencies:
    domelementtype "~1.1.1"
    entities "~1.1.1"

domelementtype@1, domelementtype@^1.3.0:
  version "1.3.0"
  resolved "https://artifactory.dm-drogeriemarkt.com:443/api/npm/repo-npm/domelementtype/-/domelementtype-1.3.0.tgz#b17aed82e8ab59e52dd9c19b1756e0fc187204c2"

domelementtype@~1.1.1:
  version "1.1.3"
  resolved "https://artifactory.dm-drogeriemarkt.com:443/api/npm/repo-npm/domelementtype/-/domelementtype-1.1.3.tgz#bd28773e2642881aec51544924299c5cd822185b"

domhandler@^2.3.0:
  version "2.4.2"
  resolved "https://artifactory.dm-drogeriemarkt.com:443/api/npm/repo-npm/domhandler/-/domhandler-2.4.2.tgz#8805097e933d65e85546f726d60f5eb88b44f803"
  dependencies:
    domelementtype "1"

domutils@1.5.1:
  version "1.5.1"
  resolved "https://artifactory.dm-drogeriemarkt.com:443/api/npm/repo-npm/domutils/-/domutils-1.5.1.tgz#dcd8488a26f563d61079e48c9f7b7e32373682cf"
  dependencies:
    dom-serializer "0"
    domelementtype "1"

domutils@^1.5.1:
  version "1.7.0"
  resolved "https://artifactory.dm-drogeriemarkt.com:443/api/npm/repo-npm/domutils/-/domutils-1.7.0.tgz#56ea341e834e06e6748af7a1cb25da67ea9f8c2a"
  dependencies:
    dom-serializer "0"
    domelementtype "1"

entities@^1.1.1, entities@~1.1.1:
  version "1.1.1"
  resolved "https://artifactory.dm-drogeriemarkt.com:443/api/npm/repo-npm/entities/-/entities-1.1.1.tgz#6e5c2d0a5621b5dadaecef80b90edfb5cd7772f0"

fast-loops@^1.0.0:
  version "1.0.0"
  resolved "https://registry.yarnpkg.com/fast-loops/-/fast-loops-1.0.0.tgz#2cdd7e0ff67343b2b5f5e627d855a50b4bed559a"

gitbook-plugin-prism@^2.4.0:
  version "2.4.0"
  resolved "https://artifactory.dm-drogeriemarkt.com:443/api/npm/repo-npm/gitbook-plugin-prism/-/gitbook-plugin-prism-2.4.0.tgz#4128e2cbfa4c8c4610e8ed330056c249c5ceb2e9"
  dependencies:
    cheerio "0.22.0"
    mkdirp "0.5.1"
    prismjs "^1.15.0"

good-listener@^1.2.2:
  version "1.2.2"
  resolved "https://artifactory.dm-drogeriemarkt.com:443/api/npm/repo-npm/good-listener/-/good-listener-1.2.2.tgz#d53b30cdf9313dffb7dc9a0d477096aa6d145c50"
  dependencies:
    delegate "^3.1.2"

htmlparser2@^3.9.1:
  version "3.9.2"
  resolved "https://artifactory.dm-drogeriemarkt.com:443/api/npm/repo-npm/htmlparser2/-/htmlparser2-3.9.2.tgz#1bdf87acca0f3f9e53fa4fcceb0f4b4cbb00b338"
  dependencies:
    domelementtype "^1.3.0"
    domhandler "^2.3.0"
    domutils "^1.5.1"
    entities "^1.1.1"
    inherits "^2.0.1"
    readable-stream "^2.0.2"

hyphenate-style-name@^1.0.2:
  version "1.0.2"
  resolved "https://registry.yarnpkg.com/hyphenate-style-name/-/hyphenate-style-name-1.0.2.tgz#31160a36930adaf1fc04c6074f7eb41465d4ec4b"

inherits@^2.0.1, inherits@~2.0.3:
  version "2.0.3"
  resolved "https://artifactory.dm-drogeriemarkt.com:443/api/npm/repo-npm/inherits/-/inherits-2.0.3.tgz#633c2c83e3da42a502f52466022480f4208261de"

inline-style-prefixer@^5.0.1:
  version "5.0.1"
  resolved "https://artifactory.dm-drogeriemarkt.com:443/api/npm/repo-npm/inline-style-prefixer/-/inline-style-prefixer-5.0.1.tgz#8e1618eb661e51d72a64ee26de05dfe73a95f802"
  dependencies:
    css-in-js-utils "^2.0.0"
    gitbook-plugin-prism "^2.4.0"

isarray@~1.0.0:
  version "1.0.0"
  resolved "https://artifactory.dm-drogeriemarkt.com:443/api/npm/repo-npm/isarray/-/isarray-1.0.0.tgz#bb935d48582cba168c06834957a54a3e07124f11"

isobject@^3.0.1:
  version "3.0.1"
  resolved "https://registry.yarnpkg.com/isobject/-/isobject-3.0.1.tgz#4e431e92b11a9731636aa1f9c8d1ccbcfdab78df"

lodash.assignin@^4.0.9:
  version "4.2.0"
  resolved "https://artifactory.dm-drogeriemarkt.com:443/api/npm/repo-npm/lodash.assignin/-/lodash.assignin-4.2.0.tgz#ba8df5fb841eb0a3e8044232b0e263a8dc6a28a2"

lodash.bind@^4.1.4:
  version "4.2.1"
  resolved "https://artifactory.dm-drogeriemarkt.com:443/api/npm/repo-npm/lodash.bind/-/lodash.bind-4.2.1.tgz#7ae3017e939622ac31b7d7d7dcb1b34db1690d35"

lodash.defaults@^4.0.1:
  version "4.2.0"
  resolved "https://artifactory.dm-drogeriemarkt.com:443/api/npm/repo-npm/lodash.defaults/-/lodash.defaults-4.2.0.tgz#d09178716ffea4dde9e5fb7b37f6f0802274580c"

lodash.filter@^4.4.0:
  version "4.6.0"
  resolved "https://artifactory.dm-drogeriemarkt.com:443/api/npm/repo-npm/lodash.filter/-/lodash.filter-4.6.0.tgz#668b1d4981603ae1cc5a6fa760143e480b4c4ace"

lodash.flatten@^4.2.0:
  version "4.4.0"
  resolved "https://artifactory.dm-drogeriemarkt.com:443/api/npm/repo-npm/lodash.flatten/-/lodash.flatten-4.4.0.tgz#f31c22225a9632d2bbf8e4addbef240aa765a61f"

lodash.foreach@^4.3.0:
  version "4.5.0"
  resolved "https://artifactory.dm-drogeriemarkt.com:443/api/npm/repo-npm/lodash.foreach/-/lodash.foreach-4.5.0.tgz#1a6a35eace401280c7f06dddec35165ab27e3e53"

lodash.map@^4.4.0:
  version "4.6.0"
  resolved "https://artifactory.dm-drogeriemarkt.com:443/api/npm/repo-npm/lodash.map/-/lodash.map-4.6.0.tgz#771ec7839e3473d9c4cde28b19394c3562f4f6d3"

lodash.merge@^4.4.0:
  version "4.6.1"
  resolved "https://artifactory.dm-drogeriemarkt.com:443/api/npm/repo-npm/lodash.merge/-/lodash.merge-4.6.1.tgz#adc25d9cb99b9391c59624f379fbba60d7111d54"

lodash.pick@^4.2.1:
  version "4.4.0"
  resolved "https://artifactory.dm-drogeriemarkt.com:443/api/npm/repo-npm/lodash.pick/-/lodash.pick-4.4.0.tgz#52f05610fff9ded422611441ed1fc123a03001b3"

lodash.reduce@^4.4.0:
  version "4.6.0"
  resolved "https://artifactory.dm-drogeriemarkt.com:443/api/npm/repo-npm/lodash.reduce/-/lodash.reduce-4.6.0.tgz#f1ab6b839299ad48f784abbf476596f03b914d3b"

lodash.reject@^4.4.0:
  version "4.6.0"
  resolved "https://artifactory.dm-drogeriemarkt.com:443/api/npm/repo-npm/lodash.reject/-/lodash.reject-4.6.0.tgz#80d6492dc1470864bbf583533b651f42a9f52415"

lodash.some@^4.4.0:
  version "4.6.0"
  resolved "https://artifactory.dm-drogeriemarkt.com:443/api/npm/repo-npm/lodash.some/-/lodash.some-4.6.0.tgz#1bb9f314ef6b8baded13b549169b2a945eb68e4d"

minimist@0.0.8:
  version "0.0.8"
  resolved "https://artifactory.dm-drogeriemarkt.com:443/api/npm/repo-npm/minimist/-/minimist-0.0.8.tgz#857fcabfc3397d2625b8228262e86aa7a011b05d"

mkdirp@0.5.1:
  version "0.5.1"
  resolved "https://artifactory.dm-drogeriemarkt.com:443/api/npm/repo-npm/mkdirp/-/mkdirp-0.5.1.tgz#30057438eac6cf7f8c4767f38648d6697d75c903"
  dependencies:
    minimist "0.0.8"

nth-check@~1.0.1:
  version "1.0.1"
  resolved "https://artifactory.dm-drogeriemarkt.com:443/api/npm/repo-npm/nth-check/-/nth-check-1.0.1.tgz#9929acdf628fc2c41098deab82ac580cf149aae4"
  dependencies:
    boolbase "~1.0.0"

prismjs@^1.15.0:
  version "1.15.0"
  resolved "https://artifactory.dm-drogeriemarkt.com:443/api/npm/repo-npm/prismjs/-/prismjs-1.15.0.tgz#8801d332e472091ba8def94976c8877ad60398d9"
  optionalDependencies:
    clipboard "^2.0.0"

process-nextick-args@~2.0.0:
  version "2.0.0"
  resolved "https://artifactory.dm-drogeriemarkt.com:443/api/npm/repo-npm/process-nextick-args/-/process-nextick-args-2.0.0.tgz#a37d732f4271b4ab1ad070d35508e8290788ffaa"

readable-stream@^2.0.2:
  version "2.3.6"
  resolved "https://artifactory.dm-drogeriemarkt.com:443/api/npm/repo-npm/readable-stream/-/readable-stream-2.3.6.tgz#b11c27d88b8ff1fbe070643cf94b0c79ae1b0aaf"
  dependencies:
    core-util-is "~1.0.0"
    inherits "~2.0.3"
    isarray "~1.0.0"
    process-nextick-args "~2.0.0"
    safe-buffer "~5.1.1"
    string_decoder "~1.1.1"
    util-deprecate "~1.0.1"

safe-buffer@~5.1.0, safe-buffer@~5.1.1:
  version "5.1.2"
  resolved "https://artifactory.dm-drogeriemarkt.com:443/api/npm/repo-npm/safe-buffer/-/safe-buffer-5.1.2.tgz#991ec69d296e0313747d59bdfd2b745c35f8828d"

select@^1.1.2:
  version "1.1.2"
  resolved "https://artifactory.dm-drogeriemarkt.com:443/api/npm/repo-npm/select/-/select-1.1.2.tgz#0e7350acdec80b1108528786ec1d4418d11b396d"

string_decoder@~1.1.1:
  version "1.1.1"
  resolved "https://artifactory.dm-drogeriemarkt.com:443/api/npm/repo-npm/string_decoder/-/string_decoder-1.1.1.tgz#9cf1611ba62685d7030ae9e4ba34149c3af03fc8"
  dependencies:
    safe-buffer "~5.1.0"

tiny-emitter@^2.0.0:
  version "2.0.2"
  resolved "https://artifactory.dm-drogeriemarkt.com:443/api/npm/repo-npm/tiny-emitter/-/tiny-emitter-2.0.2.tgz#82d27468aca5ade8e5fd1e6d22b57dd43ebdfb7c"

util-deprecate@~1.0.1:
  version "1.0.2"
  resolved "https://artifactory.dm-drogeriemarkt.com:443/api/npm/repo-npm/util-deprecate/-/util-deprecate-1.0.2.tgz#450d4dc9fa70de732762fbd2d4a28981419a0ccf"
